# This file is automatically @generated by Cargo.
# It is not intended for manual editing.
version = 3

[[package]]
name = "ulog"
version = "0.1.0"
dependencies = [
 "utime",
]

[[package]]
name = "utime"
version = "0.1.0"
source = "git+https://github.com/hashibuto/utime.git?tag=0.1.0#e4b7e74a1fd8fce5532780e879381a64ad9b160a"
